// !$*UTF8*$!
{
	archiveVersion = 1;
	classes = {
	};
	objectVersion = 46;
	objects = {

/* Begin PBXBuildFile section */
		709610D4EFC973C08783E7DE /* Pods_SearTV.framework in Frameworks */ = {isa = PBXBuildFile; fileRef = 2C9F7469CC019039B7A7EF7E /* Pods_SearTV.framework */; };
		79C8FF621E47C3AF00C190B0 /* AppDelegate.swift in Sources */ = {isa = PBXBuildFile; fileRef = 79C8FF611E47C3AF00C190B0 /* AppDelegate.swift */; };
		79C8FF641E47C3AF00C190B0 /* ViewController.swift in Sources */ = {isa = PBXBuildFile; fileRef = 79C8FF631E47C3AF00C190B0 /* ViewController.swift */; };
		79C8FF671E47C3AF00C190B0 /* Main.storyboard in Resources */ = {isa = PBXBuildFile; fileRef = 79C8FF651E47C3AF00C190B0 /* Main.storyboard */; };
		79C8FF691E47C3AF00C190B0 /* Assets.xcassets in Resources */ = {isa = PBXBuildFile; fileRef = 79C8FF681E47C3AF00C190B0 /* Assets.xcassets */; };
		79C8FF6C1E47C3AF00C190B0 /* LaunchScreen.storyboard in Resources */ = {isa = PBXBuildFile; fileRef = 79C8FF6A1E47C3AF00C190B0 /* LaunchScreen.storyboard */; };
		79C8FF741E47C50000C190B0 /* .gitignore in Resources */ = {isa = PBXBuildFile; fileRef = 79C8FF731E47C50000C190B0 /* .gitignore */; };
/* End PBXBuildFile section */

/* Begin PBXFileReference section */
		2C9F7469CC019039B7A7EF7E /* Pods_SearTV.framework */ = {isa = PBXFileReference; explicitFileType = wrapper.framework; includeInIndex = 0; path = Pods_SearTV.framework; sourceTree = BUILT_PRODUCTS_DIR; };
		69A42C4B01E3F201EDF26DAF /* Pods-SearTV.release.xcconfig */ = {isa = PBXFileReference; includeInIndex = 1; lastKnownFileType = text.xcconfig; name = "Pods-SearTV.release.xcconfig"; path = "Pods/Target Support Files/Pods-SearTV/Pods-SearTV.release.xcconfig"; sourceTree = "<group>"; };
		79C8FF5E1E47C3AF00C190B0 /* SearTV.app */ = {isa = PBXFileReference; explicitFileType = wrapper.application; includeInIndex = 0; path = SearTV.app; sourceTree = BUILT_PRODUCTS_DIR; };
		79C8FF611E47C3AF00C190B0 /* AppDelegate.swift */ = {isa = PBXFileReference; lastKnownFileType = sourcecode.swift; path = AppDelegate.swift; sourceTree = "<group>"; };
		79C8FF631E47C3AF00C190B0 /* ViewController.swift */ = {isa = PBXFileReference; lastKnownFileType = sourcecode.swift; path = ViewController.swift; sourceTree = "<group>"; };
		79C8FF661E47C3AF00C190B0 /* Base */ = {isa = PBXFileReference; lastKnownFileType = file.storyboard; name = Base; path = Base.lproj/Main.storyboard; sourceTree = "<group>"; };
		79C8FF681E47C3AF00C190B0 /* Assets.xcassets */ = {isa = PBXFileReference; lastKnownFileType = folder.assetcatalog; path = Assets.xcassets; sourceTree = "<group>"; };
		79C8FF6B1E47C3AF00C190B0 /* Base */ = {isa = PBXFileReference; lastKnownFileType = file.storyboard; name = Base; path = Base.lproj/LaunchScreen.storyboard; sourceTree = "<group>"; };
		79C8FF6D1E47C3AF00C190B0 /* Info.plist */ = {isa = PBXFileReference; lastKnownFileType = text.plist.xml; path = Info.plist; sourceTree = "<group>"; };
		79C8FF731E47C50000C190B0 /* .gitignore */ = {isa = PBXFileReference; fileEncoding = 4; lastKnownFileType = text; path = .gitignore; sourceTree = "<group>"; xcLanguageSpecificationIdentifier = xcode.lang.csh; };
		FE40A65483F5C3898900EE2B /* Pods-SearTV.debug.xcconfig */ = {isa = PBXFileReference; includeInIndex = 1; lastKnownFileType = text.xcconfig; name = "Pods-SearTV.debug.xcconfig"; path = "Pods/Target Support Files/Pods-SearTV/Pods-SearTV.debug.xcconfig"; sourceTree = "<group>"; };
/* End PBXFileReference section */

/* Begin PBXFrameworksBuildPhase section */
		79C8FF5B1E47C3AF00C190B0 /* Frameworks */ = {
			isa = PBXFrameworksBuildPhase;
			buildActionMask = 2147483647;
			files = (
				709610D4EFC973C08783E7DE /* Pods_SearTV.framework in Frameworks */,
			);
			runOnlyForDeploymentPostprocessing = 0;
		};
/* End PBXFrameworksBuildPhase section */

/* Begin PBXGroup section */
		79C8FF551E47C3AF00C190B0 = {
			isa = PBXGroup;
			children = (
				79C8FF601E47C3AF00C190B0 /* SearTV */,
				79C8FF5F1E47C3AF00C190B0 /* Products */,
				9B4E6129CA7900FC41DB7251 /* Pods */,
				7BCE34BBE61193ECED63E7E1 /* Frameworks */,
				79C8FF731E47C50000C190B0 /* .gitignore */,
			);
			sourceTree = "<group>";
		};
		79C8FF5F1E47C3AF00C190B0 /* Products */ = {
			isa = PBXGroup;
			children = (
				79C8FF5E1E47C3AF00C190B0 /* SearTV.app */,
			);
			name = Products;
			sourceTree = "<group>";
		};
		79C8FF601E47C3AF00C190B0 /* SearTV */ = {
			isa = PBXGroup;
			children = (
				79C8FF611E47C3AF00C190B0 /* AppDelegate.swift */,
				79C8FF631E47C3AF00C190B0 /* ViewController.swift */,
				79C8FF651E47C3AF00C190B0 /* Main.storyboard */,
				79C8FF681E47C3AF00C190B0 /* Assets.xcassets */,
				79C8FF6A1E47C3AF00C190B0 /* LaunchScreen.storyboard */,
				79C8FF6D1E47C3AF00C190B0 /* Info.plist */,
			);
			path = SearTV;
			sourceTree = "<group>";
		};
		7BCE34BBE61193ECED63E7E1 /* Frameworks */ = {
			isa = PBXGroup;
			children = (
				2C9F7469CC019039B7A7EF7E /* Pods_SearTV.framework */,
			);
			name = Frameworks;
			sourceTree = "<group>";
		};
		9B4E6129CA7900FC41DB7251 /* Pods */ = {
			isa = PBXGroup;
			children = (
				FE40A65483F5C3898900EE2B /* Pods-SearTV.debug.xcconfig */,
				69A42C4B01E3F201EDF26DAF /* Pods-SearTV.release.xcconfig */,
			);
			name = Pods;
			sourceTree = "<group>";
		};
/* End PBXGroup section */

/* Begin PBXNativeTarget section */
		79C8FF5D1E47C3AF00C190B0 /* SearTV */ = {
			isa = PBXNativeTarget;
			buildConfigurationList = 79C8FF701E47C3AF00C190B0 /* Build configuration list for PBXNativeTarget "SearTV" */;
			buildPhases = (
				D401B81DEDABC0BA07E1D6C3 /* [CP] Check Pods Manifest.lock */,
				79C8FF5A1E47C3AF00C190B0 /* Sources */,
				79C8FF5B1E47C3AF00C190B0 /* Frameworks */,
				79C8FF5C1E47C3AF00C190B0 /* Resources */,
				AB2BFE31F0FF72E80DBA76FC /* [CP] Embed Pods Frameworks */,
				354681F3D0728350A5369ED0 /* [CP] Copy Pods Resources */,
			);
			buildRules = (
			);
			dependencies = (
			);
			name = SearTV;
			productName = SearTV;
			productReference = 79C8FF5E1E47C3AF00C190B0 /* SearTV.app */;
			productType = "com.apple.product-type.application";
		};
/* End PBXNativeTarget section */

/* Begin PBXProject section */
		79C8FF561E47C3AF00C190B0 /* Project object */ = {
			isa = PBXProject;
			attributes = {
				LastSwiftUpdateCheck = 0810;
				LastUpgradeCheck = 0810;
				ORGANIZATIONNAME = Pearson;
				TargetAttributes = {
					79C8FF5D1E47C3AF00C190B0 = {
						CreatedOnToolsVersion = 8.1;
						ProvisioningStyle = Automatic;
					};
				};
			};
			buildConfigurationList = 79C8FF591E47C3AF00C190B0 /* Build configuration list for PBXProject "SearTV" */;
			compatibilityVersion = "Xcode 3.2";
			developmentRegion = English;
			hasScannedForEncodings = 0;
			knownRegions = (
				en,
				Base,
			);
			mainGroup = 79C8FF551E47C3AF00C190B0;
			productRefGroup = 79C8FF5F1E47C3AF00C190B0 /* Products */;
			projectDirPath = "";
			projectRoot = "";
			targets = (
				79C8FF5D1E47C3AF00C190B0 /* SearTV */,
			);
		};
/* End PBXProject section */

/* Begin PBXResourcesBuildPhase section */
		79C8FF5C1E47C3AF00C190B0 /* Resources */ = {
			isa = PBXResourcesBuildPhase;
			buildActionMask = 2147483647;
			files = (
				79C8FF741E47C50000C190B0 /* .gitignore in Resources */,
				79C8FF6C1E47C3AF00C190B0 /* LaunchScreen.storyboard in Resources */,
				79C8FF691E47C3AF00C190B0 /* Assets.xcassets in Resources */,
				79C8FF671E47C3AF00C190B0 /* Main.storyboard in Resources */,
			);
			runOnlyForDeploymentPostprocessing = 0;
		};
/* End PBXResourcesBuildPhase section */

/* Begin PBXShellScriptBuildPhase section */
		354681F3D0728350A5369ED0 /* [CP] Copy Pods Resources */ = {
			isa = PBXShellScriptBuildPhase;
			buildActionMask = 2147483647;
			files = (
			);
			inputPaths = (
			);
			name = "[CP] Copy Pods Resources";
			outputPaths = (
			);
			runOnlyForDeploymentPostprocessing = 0;
			shellPath = /bin/sh;
			shellScript = "\"${SRCROOT}/Pods/Target Support Files/Pods-SearTV/Pods-SearTV-resources.sh\"\n";
			showEnvVarsInLog = 0;
		};
		AB2BFE31F0FF72E80DBA76FC /* [CP] Embed Pods Frameworks */ = {
			isa = PBXShellScriptBuildPhase;
			buildActionMask = 2147483647;
			files = (
			);
			inputPaths = (
			);
			name = "[CP] Embed Pods Frameworks";
			outputPaths = (
			);
			runOnlyForDeploymentPostprocessing = 0;
			shellPath = /bin/sh;
			shellScript = "\"${SRCROOT}/Pods/Target Support Files/Pods-SearTV/Pods-SearTV-frameworks.sh\"\n";
			showEnvVarsInLog = 0;
		};
		D401B81DEDABC0BA07E1D6C3 /* [CP] Check Pods Manifest.lock */ = {
			isa = PBXShellScriptBuildPhase;
			buildActionMask = 2147483647;
			files = (
			);
			inputPaths = (
			);
			name = "[CP] Check Pods Manifest.lock";
			outputPaths = (
			);
			runOnlyForDeploymentPostprocessing = 0;
			shellPath = /bin/sh;
			shellScript = "diff \"${PODS_ROOT}/../Podfile.lock\" \"${PODS_ROOT}/Manifest.lock\" > /dev/null\nif [ $? != 0 ] ; then\n    # print error to STDERR\n    echo \"error: The sandbox is not in sync with the Podfile.lock. Run 'pod install' or update your CocoaPods installation.\" >&2\n    exit 1\nfi\n";
			showEnvVarsInLog = 0;
		};
/* End PBXShellScriptBuildPhase section */

/* Begin PBXSourcesBuildPhase section */
		79C8FF5A1E47C3AF00C190B0 /* Sources */ = {
			isa = PBXSourcesBuildPhase;
			buildActionMask = 2147483647;
			files = (
				79C8FF641E47C3AF00C190B0 /* ViewController.swift in Sources */,
				79C8FF621E47C3AF00C190B0 /* AppDelegate.swift in Sources */,
			);
			runOnlyForDeploymentPostprocessing = 0;
		};
/* End PBXSourcesBuildPhase section */

/* Begin PBXVariantGroup section */
		79C8FF651E47C3AF00C190B0 /* Main.storyboard */ = {
			isa = PBXVariantGroup;
			children = (
				79C8FF661E47C3AF00C190B0 /* Base */,
			);
			name = Main.storyboard;
			sourceTree = "<group>";
		};
		79C8FF6A1E47C3AF00C190B0 /* LaunchScreen.storyboard */ = {
			isa = PBXVariantGroup;
			children = (
				79C8FF6B1E47C3AF00C190B0 /* Base */,
			);
			name = LaunchScreen.storyboard;
			sourceTree = "<group>";
		};
/* End PBXVariantGroup section */

/* Begin XCBuildConfiguration section */
		79C8FF6E1E47C3AF00C190B0 /* Debug */ = {
			isa = XCBuildConfiguration;
			buildSettings = {
				ALWAYS_SEARCH_USER_PATHS = NO;
				CLANG_ANALYZER_NONNULL = YES;
				CLANG_CXX_LANGUAGE_STANDARD = "gnu++0x";
				CLANG_CXX_LIBRARY = "libc++";
				CLANG_ENABLE_MODULES = YES;
				CLANG_ENABLE_OBJC_ARC = YES;
				CLANG_WARN_BOOL_CONVERSION = YES;
				CLANG_WARN_CONSTANT_CONVERSION = YES;
				CLANG_WARN_DIRECT_OBJC_ISA_USAGE = YES_ERROR;
				CLANG_WARN_DOCUMENTATION_COMMENTS = YES;
				CLANG_WARN_EMPTY_BODY = YES;
				CLANG_WARN_ENUM_CONVERSION = YES;
				CLANG_WARN_INFINITE_RECURSION = YES;
				CLANG_WARN_INT_CONVERSION = YES;
				CLANG_WARN_OBJC_ROOT_CLASS = YES_ERROR;
				CLANG_WARN_SUSPICIOUS_MOVES = YES;
				CLANG_WARN_UNREACHABLE_CODE = YES;
				CLANG_WARN__DUPLICATE_METHOD_MATCH = YES;
				"CODE_SIGN_IDENTITY[sdk=iphoneos*]" = "iPhone Developer";
				COPY_PHASE_STRIP = NO;
				DEBUG_INFORMATION_FORMAT = dwarf;
				ENABLE_STRICT_OBJC_MSGSEND = YES;
				ENABLE_TESTABILITY = YES;
				GCC_C_LANGUAGE_STANDARD = gnu99;
				GCC_DYNAMIC_NO_PIC = NO;
				GCC_NO_COMMON_BLOCKS = YES;
				GCC_OPTIMIZATION_LEVEL = 0;
				GCC_PREPROCESSOR_DEFINITIONS = (
					"DEBUG=1",
					"$(inherited)",
				);
				GCC_WARN_64_TO_32_BIT_CONVERSION = YES;
				GCC_WARN_ABOUT_RETURN_TYPE = YES_ERROR;
				GCC_WARN_UNDECLARED_SELECTOR = YES;
				GCC_WARN_UNINITIALIZED_AUTOS = YES_AGGRESSIVE;
				GCC_WARN_UNUSED_FUNCTION = YES;
				GCC_WARN_UNUSED_VARIABLE = YES;
				IPHONEOS_DEPLOYMENT_TARGET = 10.1;
				MTL_ENABLE_DEBUG_INFO = YES;
				ONLY_ACTIVE_ARCH = YES;
				SDKROOT = iphoneos;
				SWIFT_ACTIVE_COMPILATION_CONDITIONS = DEBUG;
				SWIFT_OPTIMIZATION_LEVEL = "-Onone";
			};
			name = Debug;
		};
		79C8FF6F1E47C3AF00C190B0 /* Release */ = {
			isa = XCBuildConfiguration;
			buildSettings = {
				ALWAYS_SEARCH_USER_PATHS = NO;
				CLANG_ANALYZER_NONNULL = YES;
				CLANG_CXX_LANGUAGE_STANDARD = "gnu++0x";
				CLANG_CXX_LIBRARY = "libc++";
				CLANG_ENABLE_MODULES = YES;
				CLANG_ENABLE_OBJC_ARC = YES;
				CLANG_WARN_BOOL_CONVERSION = YES;
				CLANG_WARN_CONSTANT_CONVERSION = YES;
				CLANG_WARN_DIRECT_OBJC_ISA_USAGE = YES_ERROR;
				CLANG_WARN_DOCUMENTATION_COMMENTS = YES;
				CLANG_WARN_EMPTY_BODY = YES;
				CLANG_WARN_ENUM_CONVERSION = YES;
				CLANG_WARN_INFINITE_RECURSION = YES;
				CLANG_WARN_INT_CONVERSION = YES;
				CLANG_WARN_OBJC_ROOT_CLASS = YES_ERROR;
				CLANG_WARN_SUSPICIOUS_MOVES = YES;
				CLANG_WARN_UNREACHABLE_CODE = YES;
				CLANG_WARN__DUPLICATE_METHOD_MATCH = YES;
				"CODE_SIGN_IDENTITY[sdk=iphoneos*]" = "iPhone Developer";
				COPY_PHASE_STRIP = NO;
				DEBUG_INFORMATION_FORMAT = "dwarf-with-dsym";
				ENABLE_NS_ASSERTIONS = NO;
				ENABLE_STRICT_OBJC_MSGSEND = YES;
				GCC_C_LANGUAGE_STANDARD = gnu99;
				GCC_NO_COMMON_BLOCKS = YES;
				GCC_WARN_64_TO_32_BIT_CONVERSION = YES;
				GCC_WARN_ABOUT_RETURN_TYPE = YES_ERROR;
				GCC_WARN_UNDECLARED_SELECTOR = YES;
				GCC_WARN_UNINITIALIZED_AUTOS = YES_AGGRESSIVE;
				GCC_WARN_UNUSED_FUNCTION = YES;
				GCC_WARN_UNUSED_VARIABLE = YES;
				IPHONEOS_DEPLOYMENT_TARGET = 10.1;
				MTL_ENABLE_DEBUG_INFO = NO;
				SDKROOT = iphoneos;
				SWIFT_OPTIMIZATION_LEVEL = "-Owholemodule";
				VALIDATE_PRODUCT = YES;
			};
			name = Release;
		};
		79C8FF711E47C3AF00C190B0 /* Debug */ = {
			isa = XCBuildConfiguration;
			baseConfigurationReference = FE40A65483F5C3898900EE2B /* Pods-SearTV.debug.xcconfig */;
			buildSettings = {
				ASSETCATALOG_COMPILER_APPICON_NAME = AppIcon;
				INFOPLIST_FILE = SearTV/Info.plist;
				LD_RUNPATH_SEARCH_PATHS = "$(inherited) @executable_path/Frameworks";
				PRODUCT_BUNDLE_IDENTIFIER = br.com.pearson.SearTV;
				PRODUCT_NAME = "$(TARGET_NAME)";
				SWIFT_VERSION = 3.0;
			};
			name = Debug;
		};
		79C8FF721E47C3AF00C190B0 /* Release */ = {
			isa = XCBuildConfiguration;
			baseConfigurationReference = 69A42C4B01E3F201EDF26DAF /* Pods-SearTV.release.xcconfig */;
			buildSettings = {
				ASSETCATALOG_COMPILER_APPICON_NAME = AppIcon;
				INFOPLIST_FILE = SearTV/Info.plist;
				LD_RUNPATH_SEARCH_PATHS = "$(inherited) @executable_path/Frameworks";
				PRODUCT_BUNDLE_IDENTIFIER = br.com.pearson.SearTV;
				PRODUCT_NAME = "$(TARGET_NAME)";
				SWIFT_VERSION = 3.0;
			};
			name = Release;
		};
/* End XCBuildConfiguration section */

/* Begin XCConfigurationList section */
		79C8FF591E47C3AF00C190B0 /* Build configuration list for PBXProject "SearTV" */ = {
			isa = XCConfigurationList;
			buildConfigurations = (
				79C8FF6E1E47C3AF00C190B0 /* Debug */,
				79C8FF6F1E47C3AF00C190B0 /* Release */,
			);
			defaultConfigurationIsVisible = 0;
			defaultConfigurationName = Release;
		};
		79C8FF701E47C3AF00C190B0 /* Build configuration list for PBXNativeTarget "SearTV" */ = {
			isa = XCConfigurationList;
			buildConfigurations = (
				79C8FF711E47C3AF00C190B0 /* Debug */,
				79C8FF721E47C3AF00C190B0 /* Release */,
			);
			defaultConfigurationIsVisible = 0;
			defaultConfigurationName = Release;
		};
/* End XCConfigurationList section */
	};
	rootObject = 79C8FF561E47C3AF00C190B0 /* Project object */;
}
